
Microsoft Visual Studio Solution File, Format Version 12.00
# Visual Studio Version 16
VisualStudioVersion = 16.0.28803.202
MinimumVisualStudioVersion = 10.0.40219.1
Project("{FAE04EC0-301F-11D3-BF4B-00C04F79EFBC}") = "Atom.Weather", "Atom.Weather\Atom.Weather.csproj", "{B78C1546-A821-4F29-ABE6-76A7BF7381F8}"
EndProject
Global
	GlobalSection(SolutionConfigurationPlatforms) = preSolution
		Debug|Any CPU = Debug|Any CPU
		Release|Any CPU = Release|Any CPU
	EndGlobalSection
	GlobalSection(ProjectConfigurationPlatforms) = postSolution
		{B78C1546-A821-4F29-ABE6-76A7BF7381F8}.Debug|Any CPU.ActiveCfg = Debug|Any CPU
		{B78C1546-A821-4F29-ABE6-76A7BF7381F8}.Debug|Any CPU.Build.0 = Debug|Any CPU
		{B78C1546-A821-4F29-ABE6-76A7BF7381F8}.Release|Any CPU.ActiveCfg = Release|Any CPU
		{B78C1546-A821-4F29-ABE6-76A7BF7381F8}.Release|Any CPU.Build.0 = Release|Any CPU
	EndGlobalSection
	GlobalSection(SolutionProperties) = preSolution
		HideSolutionNode = FALSE
	EndGlobalSection
	GlobalSection(ExtensibilityGlobals) = postSolution
		SolutionGuid = {AAD8C0F7-23B8-40F9-8FF5-E9409EF20104}
	EndGlobalSection
EndGlobal
